// !$*UTF8*$!
{
	archiveVersion = 1;
	classes = {
	};
	objectVersion = 50;
	objects = {

/* Begin PBXBuildFile section */
		EF1D30CC266AC21E001D7072 /* APICaller.swift in Sources */ = {isa = PBXBuildFile; fileRef = EF1D30CB266AC21E001D7072 /* APICaller.swift */; };
		EF1D30CF266AC648001D7072 /* CryptoTableViewCell.swift in Sources */ = {isa = PBXBuildFile; fileRef = EF1D30CE266AC648001D7072 /* CryptoTableViewCell.swift */; };
		EF1D30D2266AC8CA001D7072 /* Model.swift in Sources */ = {isa = PBXBuildFile; fileRef = EF1D30D1266AC8CA001D7072 /* Model.swift */; };
		EFA84650266ABF9D00AFC8FD /* AppDelegate.swift in Sources */ = {isa = PBXBuildFile; fileRef = EFA8464F266ABF9D00AFC8FD /* AppDelegate.swift */; };
		EFA84652266ABF9D00AFC8FD /* SceneDelegate.swift in Sources */ = {isa = PBXBuildFile; fileRef = EFA84651266ABF9D00AFC8FD /* SceneDelegate.swift */; };
		EFA84654266ABF9D00AFC8FD /* ViewController.swift in Sources */ = {isa = PBXBuildFile; fileRef = EFA84653266ABF9D00AFC8FD /* ViewController.swift */; };
		EFA84657266ABF9D00AFC8FD /* Main.storyboard in Resources */ = {isa = PBXBuildFile; fileRef = EFA84655266ABF9D00AFC8FD /* Main.storyboard */; };
		EFA84659266ABF9E00AFC8FD /* Assets.xcassets in Resources */ = {isa = PBXBuildFile; fileRef = EFA84658266ABF9E00AFC8FD /* Assets.xcassets */; };
		EFA8465C266ABF9E00AFC8FD /* LaunchScreen.storyboard in Resources */ = {isa = PBXBuildFile; fileRef = EFA8465A266ABF9E00AFC8FD /* LaunchScreen.storyboard */; };
/* End PBXBuildFile section */

/* Begin PBXFileReference section */
		EF1D30CB266AC21E001D7072 /* APICaller.swift */ = {isa = PBXFileReference; lastKnownFileType = sourcecode.swift; path = APICaller.swift; sourceTree = "<group>"; };
		EF1D30CE266AC648001D7072 /* CryptoTableViewCell.swift */ = {isa = PBXFileReference; lastKnownFileType = sourcecode.swift; path = CryptoTableViewCell.swift; sourceTree = "<group>"; };
		EF1D30D1266AC8CA001D7072 /* Model.swift */ = {isa = PBXFileReference; lastKnownFileType = sourcecode.swift; path = Model.swift; sourceTree = "<group>"; };
		EFA8464C266ABF9D00AFC8FD /* CryptoTracker.app */ = {isa = PBXFileReference; explicitFileType = wrapper.application; includeInIndex = 0; path = CryptoTracker.app; sourceTree = BUILT_PRODUCTS_DIR; };
		EFA8464F266ABF9D00AFC8FD /* AppDelegate.swift */ = {isa = PBXFileReference; lastKnownFileType = sourcecode.swift; path = AppDelegate.swift; sourceTree = "<group>"; };
		EFA84651266ABF9D00AFC8FD /* SceneDelegate.swift */ = {isa = PBXFileReference; lastKnownFileType = sourcecode.swift; path = SceneDelegate.swift; sourceTree = "<group>"; };
		EFA84653266ABF9D00AFC8FD /* ViewController.swift */ = {isa = PBXFileReference; lastKnownFileType = sourcecode.swift; path = ViewController.swift; sourceTree = "<group>"; };
		EFA84656266ABF9D00AFC8FD /* Base */ = {isa = PBXFileReference; lastKnownFileType = file.storyboard; name = Base; path = Base.lproj/Main.storyboard; sourceTree = "<group>"; };
		EFA84658266ABF9E00AFC8FD /* Assets.xcassets */ = {isa = PBXFileReference; lastKnownFileType = folder.assetcatalog; path = Assets.xcassets; sourceTree = "<group>"; };
		EFA8465B266ABF9E00AFC8FD /* Base */ = {isa = PBXFileReference; lastKnownFileType = file.storyboard; name = Base; path = Base.lproj/LaunchScreen.storyboard; sourceTree = "<group>"; };
		EFA8465D266ABF9E00AFC8FD /* Info.plist */ = {isa = PBXFileReference; lastKnownFileType = text.plist.xml; path = Info.plist; sourceTree = "<group>"; };
/* End PBXFileReference section */

/* Begin PBXFrameworksBuildPhase section */
		EFA84649266ABF9D00AFC8FD /* Frameworks */ = {
			isa = PBXFrameworksBuildPhase;
			buildActionMask = 2147483647;
			files = (
			);
			runOnlyForDeploymentPostprocessing = 0;
		};
/* End PBXFrameworksBuildPhase section */

/* Begin PBXGroup section */
		EFA84643266ABF9D00AFC8FD = {
			isa = PBXGroup;
			children = (
				EFA8464E266ABF9D00AFC8FD /* CryptoTracker */,
				EFA8464D266ABF9D00AFC8FD /* Products */,
			);
			sourceTree = "<group>";
		};
		EFA8464D266ABF9D00AFC8FD /* Products */ = {
			isa = PBXGroup;
			children = (
				EFA8464C266ABF9D00AFC8FD /* CryptoTracker.app */,
			);
			name = Products;
			sourceTree = "<group>";
		};
		EFA8464E266ABF9D00AFC8FD /* CryptoTracker */ = {
			isa = PBXGroup;
			children = (
				EFA8464F266ABF9D00AFC8FD /* AppDelegate.swift */,
				EFA84651266ABF9D00AFC8FD /* SceneDelegate.swift */,
				EFA84653266ABF9D00AFC8FD /* ViewController.swift */,
				EFA84655266ABF9D00AFC8FD /* Main.storyboard */,
				EFA84658266ABF9E00AFC8FD /* Assets.xcassets */,
				EFA8465A266ABF9E00AFC8FD /* LaunchScreen.storyboard */,
				EFA8465D266ABF9E00AFC8FD /* Info.plist */,
				EF1D30CB266AC21E001D7072 /* APICaller.swift */,
				EF1D30CE266AC648001D7072 /* CryptoTableViewCell.swift */,
				EF1D30D1266AC8CA001D7072 /* Model.swift */,
			);
			path = CryptoTracker;
			sourceTree = "<group>";
		};
/* End PBXGroup section */

/* Begin PBXNativeTarget section */
		EFA8464B266ABF9D00AFC8FD /* CryptoTracker */ = {
			isa = PBXNativeTarget;
			buildConfigurationList = EFA84660266ABF9E00AFC8FD /* Build configuration list for PBXNativeTarget "CryptoTracker" */;
			buildPhases = (
				EFA84648266ABF9D00AFC8FD /* Sources */,
				EFA84649266ABF9D00AFC8FD /* Frameworks */,
				EFA8464A266ABF9D00AFC8FD /* Resources */,
			);
			buildRules = (
			);
			dependencies = (
			);
			name = CryptoTracker;
			productName = CryptoTracker;
			productReference = EFA8464C266ABF9D00AFC8FD /* CryptoTracker.app */;
			productType = "com.apple.product-type.application";
		};
/* End PBXNativeTarget section */

/* Begin PBXProject section */
		EFA84644266ABF9D00AFC8FD /* Project object */ = {
			isa = PBXProject;
			attributes = {
				LastSwiftUpdateCheck = 1240;
				LastUpgradeCheck = 1240;
				TargetAttributes = {
					EFA8464B266ABF9D00AFC8FD = {
						CreatedOnToolsVersion = 12.4;
					};
				};
			};
			buildConfigurationList = EFA84647266ABF9D00AFC8FD /* Build configuration list for PBXProject "CryptoTracker" */;
			compatibilityVersion = "Xcode 9.3";
			developmentRegion = en;
			hasScannedForEncodings = 0;
			knownRegions = (
				en,
				Base,
			);
			mainGroup = EFA84643266ABF9D00AFC8FD;
			productRefGroup = EFA8464D266ABF9D00AFC8FD /* Products */;
			projectDirPath = "";
			projectRoot = "";
			targets = (
				EFA8464B266ABF9D00AFC8FD /* CryptoTracker */,
			);
		};
/* End PBXProject section */

/* Begin PBXResourcesBuildPhase section */
		EFA8464A266ABF9D00AFC8FD /* Resources */ = {
			isa = PBXResourcesBuildPhase;
			buildActionMask = 2147483647;
			files = (
				EFA8465C266ABF9E00AFC8FD /* LaunchScreen.storyboard in Resources */,
				EFA84659266ABF9E00AFC8FD /* Assets.xcassets in Resources */,
				EFA84657266ABF9D00AFC8FD /* Main.storyboard in Resources */,
			);
			runOnlyForDeploymentPostprocessing = 0;
		};
/* End PBXResourcesBuildPhase section */

/* Begin PBXSourcesBuildPhase section */
		EFA84648266ABF9D00AFC8FD /* Sources */ = {
			isa = PBXSourcesBuildPhase;
			buildActionMask = 2147483647;
			files = (
				EFA84654266ABF9D00AFC8FD /* ViewController.swift in Sources */,
				EF1D30CF266AC648001D7072 /* CryptoTableViewCell.swift in Sources */,
				EFA84650266ABF9D00AFC8FD /* AppDelegate.swift in Sources */,
				EF1D30D2266AC8CA001D7072 /* Model.swift in Sources */,
				EFA84652266ABF9D00AFC8FD /* SceneDelegate.swift in Sources */,
				EF1D30CC266AC21E001D7072 /* APICaller.swift in Sources */,
			);
			runOnlyForDeploymentPostprocessing = 0;
		};
/* End PBXSourcesBuildPhase section */

/* Begin PBXVariantGroup section */
		EFA84655266ABF9D00AFC8FD /* Main.storyboard */ = {
			isa = PBXVariantGroup;
			children = (
				EFA84656266ABF9D00AFC8FD /* Base */,
			);
			name = Main.storyboard;
			sourceTree = "<group>";
		};
		EFA8465A266ABF9E00AFC8FD /* LaunchScreen.storyboard */ = {
			isa = PBXVariantGroup;
			children = (
				EFA8465B266ABF9E00AFC8FD /* Base */,
			);
			name = LaunchScreen.storyboard;
			sourceTree = "<group>";
		};
/* End PBXVariantGroup section */

/* Begin XCBuildConfiguration section */
		EFA8465E266ABF9E00AFC8FD /* Debug */ = {
			isa = XCBuildConfiguration;
			buildSettings = {
				ALWAYS_SEARCH_USER_PATHS = NO;
				CLANG_ANALYZER_NONNULL = YES;
				CLANG_ANALYZER_NUMBER_OBJECT_CONVERSION = YES_AGGRESSIVE;
				CLANG_CXX_LANGUAGE_STANDARD = "gnu++14";
				CLANG_CXX_LIBRARY = "libc++";
				CLANG_ENABLE_MODULES = YES;
				CLANG_ENABLE_OBJC_ARC = YES;
				CLANG_ENABLE_OBJC_WEAK = YES;
				CLANG_WARN_BLOCK_CAPTURE_AUTORELEASING = YES;
				CLANG_WARN_BOOL_CONVERSION = YES;
				CLANG_WARN_COMMA = YES;
				CLANG_WARN_CONSTANT_CONVERSION = YES;
				CLANG_WARN_DEPRECATED_OBJC_IMPLEMENTATIONS = YES;
				CLANG_WARN_DIRECT_OBJC_ISA_USAGE = YES_ERROR;
				CLANG_WARN_DOCUMENTATION_COMMENTS = YES;
				CLANG_WARN_EMPTY_BODY = YES;
				CLANG_WARN_ENUM_CONVERSION = YES;
				CLANG_WARN_INFINITE_RECURSION = YES;
				CLANG_WARN_INT_CONVERSION = YES;
				CLANG_WARN_NON_LITERAL_NULL_CONVERSION = YES;
				CLANG_WARN_OBJC_IMPLICIT_RETAIN_SELF = YES;
				CLANG_WARN_OBJC_LITERAL_CONVERSION = YES;
				CLANG_WARN_OBJC_ROOT_CLASS = YES_ERROR;
				CLANG_WARN_QUOTED_INCLUDE_IN_FRAMEWORK_HEADER = YES;
				CLANG_WARN_RANGE_LOOP_ANALYSIS = YES;
				CLANG_WARN_STRICT_PROTOTYPES = YES;
				CLANG_WARN_SUSPICIOUS_MOVE = YES;
				CLANG_WARN_UNGUARDED_AVAILABILITY = YES_AGGRESSIVE;
				CLANG_WARN_UNREACHABLE_CODE = YES;
				CLANG_WARN__DUPLICATE_METHOD_MATCH = YES;
				COPY_PHASE_STRIP = NO;
				DEBUG_INFORMATION_FORMAT = dwarf;
				ENABLE_STRICT_OBJC_MSGSEND = YES;
				ENABLE_TESTABILITY = YES;
				GCC_C_LANGUAGE_STANDARD = gnu11;
				GCC_DYNAMIC_NO_PIC = NO;
				GCC_NO_COMMON_BLOCKS = YES;
				GCC_OPTIMIZATION_LEVEL = 0;
				GCC_PREPROCESSOR_DEFINITIONS = (
					"DEBUG=1",
					"$(inherited)",
				);
				GCC_WARN_64_TO_32_BIT_CONVERSION = YES;
				GCC_WARN_ABOUT_RETURN_TYPE = YES_ERROR;
				GCC_WARN_UNDECLARED_SELECTOR = YES;
				GCC_WARN_UNINITIALIZED_AUTOS = YES_AGGRESSIVE;
				GCC_WARN_UNUSED_FUNCTION = YES;
				GCC_WARN_UNUSED_VARIABLE = YES;
				IPHONEOS_DEPLOYMENT_TARGET = 14.4;
				MTL_ENABLE_DEBUG_INFO = INCLUDE_SOURCE;
				MTL_FAST_MATH = YES;
				ONLY_ACTIVE_ARCH = YES;
				SDKROOT = iphoneos;
				SWIFT_ACTIVE_COMPILATION_CONDITIONS = DEBUG;
				SWIFT_OPTIMIZATION_LEVEL = "-Onone";
			};
			name = Debug;
		};
		EFA8465F266ABF9E00AFC8FD /* Release */ = {
			isa = XCBuildConfiguration;
			buildSettings = {
				ALWAYS_SEARCH_USER_PATHS = NO;
				CLANG_ANALYZER_NONNULL = YES;
				CLANG_ANALYZER_NUMBER_OBJECT_CONVERSION = YES_AGGRESSIVE;
				CLANG_CXX_LANGUAGE_STANDARD = "gnu++14";
				CLANG_CXX_LIBRARY = "libc++";
				CLANG_ENABLE_MODULES = YES;
				CLANG_ENABLE_OBJC_ARC = YES;
				CLANG_ENABLE_OBJC_WEAK = YES;
				CLANG_WARN_BLOCK_CAPTURE_AUTORELEASING = YES;
				CLANG_WARN_BOOL_CONVERSION = YES;
				CLANG_WARN_COMMA = YES;
				CLANG_WARN_CONSTANT_CONVERSION = YES;
				CLANG_WARN_DEPRECATED_OBJC_IMPLEMENTATIONS = YES;
				CLANG_WARN_DIRECT_OBJC_ISA_USAGE = YES_ERROR;
				CLANG_WARN_DOCUMENTATION_COMMENTS = YES;
				CLANG_WARN_EMPTY_BODY = YES;
				CLANG_WARN_ENUM_CONVERSION = YES;
				CLANG_WARN_INFINITE_RECURSION = YES;
				CLANG_WARN_INT_CONVERSION = YES;
				CLANG_WARN_NON_LITERAL_NULL_CONVERSION = YES;
				CLANG_WARN_OBJC_IMPLICIT_RETAIN_SELF = YES;
				CLANG_WARN_OBJC_LITERAL_CONVERSION = YES;
				CLANG_WARN_OBJC_ROOT_CLASS = YES_ERROR;
				CLANG_WARN_QUOTED_INCLUDE_IN_FRAMEWORK_HEADER = YES;
				CLANG_WARN_RANGE_LOOP_ANALYSIS = YES;
				CLANG_WARN_STRICT_PROTOTYPES = YES;
				CLANG_WARN_SUSPICIOUS_MOVE = YES;
				CLANG_WARN_UNGUARDED_AVAILABILITY = YES_AGGRESSIVE;
				CLANG_WARN_UNREACHABLE_CODE = YES;
				CLANG_WARN__DUPLICATE_METHOD_MATCH = YES;
				COPY_PHASE_STRIP = NO;
				DEBUG_INFORMATION_FORMAT = "dwarf-with-dsym";
				ENABLE_NS_ASSERTIONS = NO;
				ENABLE_STRICT_OBJC_MSGSEND = YES;
				GCC_C_LANGUAGE_STANDARD = gnu11;
				GCC_NO_COMMON_BLOCKS = YES;
				GCC_WARN_64_TO_32_BIT_CONVERSION = YES;
				GCC_WARN_ABOUT_RETURN_TYPE = YES_ERROR;
				GCC_WARN_UNDECLARED_SELECTOR = YES;
				GCC_WARN_UNINITIALIZED_AUTOS = YES_AGGRESSIVE;
				GCC_WARN_UNUSED_FUNCTION = YES;
				GCC_WARN_UNUSED_VARIABLE = YES;
				IPHONEOS_DEPLOYMENT_TARGET = 14.4;
				MTL_ENABLE_DEBUG_INFO = NO;
				MTL_FAST_MATH = YES;
				SDKROOT = iphoneos;
				SWIFT_COMPILATION_MODE = wholemodule;
				SWIFT_OPTIMIZATION_LEVEL = "-O";
				VALIDATE_PRODUCT = YES;
			};
			name = Release;
		};
		EFA84661266ABF9E00AFC8FD /* Debug */ = {
			isa = XCBuildConfiguration;
			buildSettings = {
				ASSETCATALOG_COMPILER_APPICON_NAME = AppIcon;
				ASSETCATALOG_COMPILER_GLOBAL_ACCENT_COLOR_NAME = AccentColor;
				CODE_SIGN_STYLE = Automatic;
				DEVELOPMENT_TEAM = 8LXXZXJ6N8;
				INFOPLIST_FILE = CryptoTracker/Info.plist;
				LD_RUNPATH_SEARCH_PATHS = (
					"$(inherited)",
					"@executable_path/Frameworks",
				);
				PRODUCT_BUNDLE_IDENTIFIER = com.akumar.CryptoTracker;
				PRODUCT_NAME = "$(TARGET_NAME)";
				SWIFT_VERSION = 5.0;
				TARGETED_DEVICE_FAMILY = "1,2";
			};
			name = Debug;
		};
		EFA84662266ABF9E00AFC8FD /* Release */ = {
			isa = XCBuildConfiguration;
			buildSettings = {
				ASSETCATALOG_COMPILER_APPICON_NAME = AppIcon;
				ASSETCATALOG_COMPILER_GLOBAL_ACCENT_COLOR_NAME = AccentColor;
				CODE_SIGN_STYLE = Automatic;
				DEVELOPMENT_TEAM = 8LXXZXJ6N8;
				INFOPLIST_FILE = CryptoTracker/Info.plist;
				LD_RUNPATH_SEARCH_PATHS = (
					"$(inherited)",
					"@executable_path/Frameworks",
				);
				PRODUCT_BUNDLE_IDENTIFIER = com.akumar.CryptoTracker;
				PRODUCT_NAME = "$(TARGET_NAME)";
				SWIFT_VERSION = 5.0;
				TARGETED_DEVICE_FAMILY = "1,2";
			};
			name = Release;
		};
/* End XCBuildConfiguration section */

/* Begin XCConfigurationList section */
		EFA84647266ABF9D00AFC8FD /* Build configuration list for PBXProject "CryptoTracker" */ = {
			isa = XCConfigurationList;
			buildConfigurations = (
				EFA8465E266ABF9E00AFC8FD /* Debug */,
				EFA8465F266ABF9E00AFC8FD /* Release */,
			);
			defaultConfigurationIsVisible = 0;
			defaultConfigurationName = Release;
		};
		EFA84660266ABF9E00AFC8FD /* Build configuration list for PBXNativeTarget "CryptoTracker" */ = {
			isa = XCConfigurationList;
			buildConfigurations = (
				EFA84661266ABF9E00AFC8FD /* Debug */,
				EFA84662266ABF9E00AFC8FD /* Release */,
			);
			defaultConfigurationIsVisible = 0;
			defaultConfigurationName = Release;
		};
/* End XCConfigurationList section */
	};
	rootObject = EFA84644266ABF9D00AFC8FD /* Project object */;
}
